# This file is automatically @generated by Cargo.
# It is not intended for manual editing.
version = 4

[[package]]
name = "arrayvec"
version = "0.7.7"
source = "registry+https://github.com/rust-lang/crates.io-index"
checksum = "f02882884d3e1bc524fb12c79f107f6ad0e1cfd498c536ffb494301740995dfe"

[[package]]
name = "backend"
version = "0.1.0"
dependencies = [
 "arrayvec",
]
